
Microsoft Visual Studio Solution File, Format Version 12.00
# Visual Studio Version 16
VisualStudioVersion = 16.0.32106.194
MinimumVisualStudioVersion = 10.0.40219.1
Project("{8BC9CEB8-8B4A-11D0-8D11-00A0C91BC942}") = "Praise Codes App", "Praise Codes App.vcxproj", "{17B3F7A3-6469-4D54-B174-6B591D37B4D4}"
EndProject
Global
	GlobalSection(SolutionConfigurationPlatforms) = preSolution
		Debug|x64 = Debug|x64
		Debug|x86 = Debug|x86
		Release|x64 = Release|x64
		Release|x86 = Release|x86
	EndGlobalSection
	GlobalSection(ProjectConfigurationPlatforms) = postSolution
		{17B3F7A3-6469-4D54-B174-6B591D37B4D4}.Debug|x64.ActiveCfg = Debug|x64
		{17B3F7A3-6469-4D54-B174-6B591D37B4D4}.Debug|x64.Build.0 = Debug|x64
		{17B3F7A3-6469-4D54-B174-6B591D37B4D4}.Debug|x86.ActiveCfg = Debug|Win32
		{17B3F7A3-6469-4D54-B174-6B591D37B4D4}.Debug|x86.Build.0 = Debug|Win32
		{17B3F7A3-6469-4D54-B174-6B591D37B4D4}.Release|x64.ActiveCfg = Release|x64
		{17B3F7A3-6469-4D54-B174-6B591D37B4D4}.Release|x64.Build.0 = Release|x64
		{17B3F7A3-6469-4D54-B174-6B591D37B4D4}.Release|x86.ActiveCfg = Release|Win32
		{17B3F7A3-6469-4D54-B174-6B591D37B4D4}.Release|x86.Build.0 = Release|Win32
	EndGlobalSection
	GlobalSection(SolutionProperties) = preSolution
		HideSolutionNode = FALSE
	EndGlobalSection
	GlobalSection(ExtensibilityGlobals) = postSolution
		SolutionGuid = {B3207C1F-685F-4266-B1B0-6163C0F428D3}
	EndGlobalSection
EndGlobal
